
Microsoft Visual Studio Solution File, Format Version 12.00
# Visual Studio Version 17
VisualStudioVersion = 17.0.31903.59
MinimumVisualStudioVersion = 10.0.40219.1
Project("{2150E333-8FDC-42A3-9474-1A3956D46DE8}") = "src", "src", "{827E0CD3-B72D-47B6-A68D-7590B98EB39B}"
EndProject
Project("{2150E333-8FDC-42A3-9474-1A3956D46DE8}") = "Services", "Services", "{984BB9B3-3FA3-BE33-9484-CAC21695A33C}"
EndProject
Project("{2150E333-8FDC-42A3-9474-1A3956D46DE8}") = "Catalog", "Catalog", "{C91C1CF1-1625-0789-F869-53D87D6277BA}"
EndProject
Project("{FAE04EC0-301F-11D3-BF4B-00C04F79EFBC}") = "Catalog.API", "src\Services\Catalog\Catalog.API\Catalog.API.csproj", "{5F26BC8B-9902-45EF-BFE1-265987146C40}"
EndProject
Project("{2150E333-8FDC-42A3-9474-1A3956D46DE8}") = "BuildingBlocks", "BuildingBlocks", "{90298CBA-BD6F-3A0A-69D5-97CAD7B05E7E}"
EndProject
Project("{FAE04EC0-301F-11D3-BF4B-00C04F79EFBC}") = "BuildingBlocks", "src\BuildingBlocks\BuildingBlocks\BuildingBlocks.csproj", "{9B9638E4-B34D-49FA-9956-3E0C64016416}"
EndProject
Project("{2150E333-8FDC-42A3-9474-1A3956D46DE8}") = "Basket", "Basket", "{6C0557C3-B1C9-A54D-46F8-F4FBBDE30E30}"
EndProject
Project("{FAE04EC0-301F-11D3-BF4B-00C04F79EFBC}") = "Basket.API", "src\Services\Basket\Basket.API\Basket.API.csproj", "{AB1CBF55-ED31-4E04-95EA-04DAFE9B6102}"
EndProject
Project("{2150E333-8FDC-42A3-9474-1A3956D46DE8}") = "Discount", "Discount", "{EEA4A782-341D-6440-FC22-D64D0B11E3C8}"
EndProject
Project("{FAE04EC0-301F-11D3-BF4B-00C04F79EFBC}") = "Discount.Grpc", "src\Services\Discount\Discount.Grpc\Discount.Grpc.csproj", "{1B8430BA-0C85-4480-9FFD-7B70817EC8E9}"
EndProject
Project("{2150E333-8FDC-42A3-9474-1A3956D46DE8}") = "Ordering", "Ordering", "{D3BAB01C-7F3F-8576-96BE-8BE70C9B9915}"
EndProject
Project("{FAE04EC0-301F-11D3-BF4B-00C04F79EFBC}") = "Ordering.API", "src\Services\Ordering\Ordering.API\Ordering.API.csproj", "{61435B42-438E-4023-924F-C4E590E0C0BD}"
EndProject
Project("{FAE04EC0-301F-11D3-BF4B-00C04F79EFBC}") = "Ordering.Domain", "src\Services\Ordering\Ordering.Domain\Ordering.Domain.csproj", "{7DBC6F09-2F8C-4A33-B460-247168330677}"
EndProject
Project("{FAE04EC0-301F-11D3-BF4B-00C04F79EFBC}") = "Ordering.Application", "src\Services\Ordering\Ordering.Application\Ordering.Application.csproj", "{54506B3E-82CE-429F-8898-7C1548A94366}"
EndProject
Project("{FAE04EC0-301F-11D3-BF4B-00C04F79EFBC}") = "Ordering.Infrastructure", "src\Services\Ordering\Ordering.Infrastructure\Ordering.Infrastructure.csproj", "{2DED4B28-5DAF-435C-90C8-E874849C3BE6}"
EndProject
Project("{FAE04EC0-301F-11D3-BF4B-00C04F79EFBC}") = "BuildingBlocks.Messaging", "src\BuildingBlocks\BuildingBlocks.Messaging\BuildingBlocks.Messaging.csproj", "{4FBDC50F-B934-417F-9C62-DE1403F3A4C0}"
EndProject
Project("{2150E333-8FDC-42A3-9474-1A3956D46DE8}") = "ApiGateways", "ApiGateways", "{4924443D-CFD8-4CEF-8D22-AAB4FEE30A2F}"
EndProject
Project("{FAE04EC0-301F-11D3-BF4B-00C04F79EFBC}") = "YarpApiGateway", "src\YarpApiGateway\YarpApiGateway.csproj", "{8603F4FD-2D57-474F-9354-EE63EF8CEC70}"
EndProject
Global
	GlobalSection(SolutionConfigurationPlatforms) = preSolution
		Debug|Any CPU = Debug|Any CPU
		Debug|x64 = Debug|x64
		Debug|x86 = Debug|x86
		Release|Any CPU = Release|Any CPU
		Release|x64 = Release|x64
		Release|x86 = Release|x86
	EndGlobalSection
	GlobalSection(ProjectConfigurationPlatforms) = postSolution
		{5F26BC8B-9902-45EF-BFE1-265987146C40}.Debug|Any CPU.ActiveCfg = Debug|Any CPU
		{5F26BC8B-9902-45EF-BFE1-265987146C40}.Debug|Any CPU.Build.0 = Debug|Any CPU
		{5F26BC8B-9902-45EF-BFE1-265987146C40}.Debug|x64.ActiveCfg = Debug|Any CPU
		{5F26BC8B-9902-45EF-BFE1-265987146C40}.Debug|x64.Build.0 = Debug|Any CPU
		{5F26BC8B-9902-45EF-BFE1-265987146C40}.Debug|x86.ActiveCfg = Debug|Any CPU
		{5F26BC8B-9902-45EF-BFE1-265987146C40}.Debug|x86.Build.0 = Debug|Any CPU
		{5F26BC8B-9902-45EF-BFE1-265987146C40}.Release|Any CPU.ActiveCfg = Release|Any CPU
		{5F26BC8B-9902-45EF-BFE1-265987146C40}.Release|Any CPU.Build.0 = Release|Any CPU
		{5F26BC8B-9902-45EF-BFE1-265987146C40}.Release|x64.ActiveCfg = Release|Any CPU
		{5F26BC8B-9902-45EF-BFE1-265987146C40}.Release|x64.Build.0 = Release|Any CPU
		{5F26BC8B-9902-45EF-BFE1-265987146C40}.Release|x86.ActiveCfg = Release|Any CPU
		{5F26BC8B-9902-45EF-BFE1-265987146C40}.Release|x86.Build.0 = Release|Any CPU
		{9B9638E4-B34D-49FA-9956-3E0C64016416}.Debug|Any CPU.ActiveCfg = Debug|Any CPU
		{9B9638E4-B34D-49FA-9956-3E0C64016416}.Debug|Any CPU.Build.0 = Debug|Any CPU
		{9B9638E4-B34D-49FA-9956-3E0C64016416}.Debug|x64.ActiveCfg = Debug|Any CPU
		{9B9638E4-B34D-49FA-9956-3E0C64016416}.Debug|x64.Build.0 = Debug|Any CPU
		{9B9638E4-B34D-49FA-9956-3E0C64016416}.Debug|x86.ActiveCfg = Debug|Any CPU
		{9B9638E4-B34D-49FA-9956-3E0C64016416}.Debug|x86.Build.0 = Debug|Any CPU
		{9B9638E4-B34D-49FA-9956-3E0C64016416}.Release|Any CPU.ActiveCfg = Release|Any CPU
		{9B9638E4-B34D-49FA-9956-3E0C64016416}.Release|Any CPU.Build.0 = Release|Any CPU
		{9B9638E4-B34D-49FA-9956-3E0C64016416}.Release|x64.ActiveCfg = Release|Any CPU
		{9B9638E4-B34D-49FA-9956-3E0C64016416}.Release|x64.Build.0 = Release|Any CPU
		{9B9638E4-B34D-49FA-9956-3E0C64016416}.Release|x86.ActiveCfg = Release|Any CPU
		{9B9638E4-B34D-49FA-9956-3E0C64016416}.Release|x86.Build.0 = Release|Any CPU
		{AB1CBF55-ED31-4E04-95EA-04DAFE9B6102}.Debug|Any CPU.ActiveCfg = Debug|Any CPU
		{AB1CBF55-ED31-4E04-95EA-04DAFE9B6102}.Debug|Any CPU.Build.0 = Debug|Any CPU
		{AB1CBF55-ED31-4E04-95EA-04DAFE9B6102}.Debug|x64.ActiveCfg = Debug|Any CPU
		{AB1CBF55-ED31-4E04-95EA-04DAFE9B6102}.Debug|x64.Build.0 = Debug|Any CPU
		{AB1CBF55-ED31-4E04-95EA-04DAFE9B6102}.Debug|x86.ActiveCfg = Debug|Any CPU
		{AB1CBF55-ED31-4E04-95EA-04DAFE9B6102}.Debug|x86.Build.0 = Debug|Any CPU
		{AB1CBF55-ED31-4E04-95EA-04DAFE9B6102}.Release|Any CPU.ActiveCfg = Release|Any CPU
		{AB1CBF55-ED31-4E04-95EA-04DAFE9B6102}.Release|Any CPU.Build.0 = Release|Any CPU
		{AB1CBF55-ED31-4E04-95EA-04DAFE9B6102}.Release|x64.ActiveCfg = Release|Any CPU
		{AB1CBF55-ED31-4E04-95EA-04DAFE9B6102}.Release|x64.Build.0 = Release|Any CPU
		{AB1CBF55-ED31-4E04-95EA-04DAFE9B6102}.Release|x86.ActiveCfg = Release|Any CPU
		{AB1CBF55-ED31-4E04-95EA-04DAFE9B6102}.Release|x86.Build.0 = Release|Any CPU
		{1B8430BA-0C85-4480-9FFD-7B70817EC8E9}.Debug|Any CPU.ActiveCfg = Debug|Any CPU
		{1B8430BA-0C85-4480-9FFD-7B70817EC8E9}.Debug|Any CPU.Build.0 = Debug|Any CPU
		{1B8430BA-0C85-4480-9FFD-7B70817EC8E9}.Debug|x64.ActiveCfg = Debug|Any CPU
		{1B8430BA-0C85-4480-9FFD-7B70817EC8E9}.Debug|x64.Build.0 = Debug|Any CPU
		{1B8430BA-0C85-4480-9FFD-7B70817EC8E9}.Debug|x86.ActiveCfg = Debug|Any CPU
		{1B8430BA-0C85-4480-9FFD-7B70817EC8E9}.Debug|x86.Build.0 = Debug|Any CPU
		{1B8430BA-0C85-4480-9FFD-7B70817EC8E9}.Release|Any CPU.ActiveCfg = Release|Any CPU
		{1B8430BA-0C85-4480-9FFD-7B70817EC8E9}.Release|Any CPU.Build.0 = Release|Any CPU
		{1B8430BA-0C85-4480-9FFD-7B70817EC8E9}.Release|x64.ActiveCfg = Release|Any CPU
		{1B8430BA-0C85-4480-9FFD-7B70817EC8E9}.Release|x64.Build.0 = Release|Any CPU
		{1B8430BA-0C85-4480-9FFD-7B70817EC8E9}.Release|x86.ActiveCfg = Release|Any CPU
		{1B8430BA-0C85-4480-9FFD-7B70817EC8E9}.Release|x86.Build.0 = Release|Any CPU
		{61435B42-438E-4023-924F-C4E590E0C0BD}.Debug|Any CPU.ActiveCfg = Debug|Any CPU
		{61435B42-438E-4023-924F-C4E590E0C0BD}.Debug|Any CPU.Build.0 = Debug|Any CPU
		{61435B42-438E-4023-924F-C4E590E0C0BD}.Debug|x64.ActiveCfg = Debug|Any CPU
		{61435B42-438E-4023-924F-C4E590E0C0BD}.Debug|x64.Build.0 = Debug|Any CPU
		{61435B42-438E-4023-924F-C4E590E0C0BD}.Debug|x86.ActiveCfg = Debug|Any CPU
		{61435B42-438E-4023-924F-C4E590E0C0BD}.Debug|x86.Build.0 = Debug|Any CPU
		{61435B42-438E-4023-924F-C4E590E0C0BD}.Release|Any CPU.ActiveCfg = Release|Any CPU
		{61435B42-438E-4023-924F-C4E590E0C0BD}.Release|Any CPU.Build.0 = Release|Any CPU
		{61435B42-438E-4023-924F-C4E590E0C0BD}.Release|x64.ActiveCfg = Release|Any CPU
		{61435B42-438E-4023-924F-C4E590E0C0BD}.Release|x64.Build.0 = Release|Any CPU
		{61435B42-438E-4023-924F-C4E590E0C0BD}.Release|x86.ActiveCfg = Release|Any CPU
		{61435B42-438E-4023-924F-C4E590E0C0BD}.Release|x86.Build.0 = Release|Any CPU
		{7DBC6F09-2F8C-4A33-B460-247168330677}.Debug|Any CPU.ActiveCfg = Debug|Any CPU
		{7DBC6F09-2F8C-4A33-B460-247168330677}.Debug|Any CPU.Build.0 = Debug|Any CPU
		{7DBC6F09-2F8C-4A33-B460-247168330677}.Debug|x64.ActiveCfg = Debug|Any CPU
		{7DBC6F09-2F8C-4A33-B460-247168330677}.Debug|x64.Build.0 = Debug|Any CPU
		{7DBC6F09-2F8C-4A33-B460-247168330677}.Debug|x86.ActiveCfg = Debug|Any CPU
		{7DBC6F09-2F8C-4A33-B460-247168330677}.Debug|x86.Build.0 = Debug|Any CPU
		{7DBC6F09-2F8C-4A33-B460-247168330677}.Release|Any CPU.ActiveCfg = Release|Any CPU
		{7DBC6F09-2F8C-4A33-B460-247168330677}.Release|Any CPU.Build.0 = Release|Any CPU
		{7DBC6F09-2F8C-4A33-B460-247168330677}.Release|x64.ActiveCfg = Release|Any CPU
		{7DBC6F09-2F8C-4A33-B460-247168330677}.Release|x64.Build.0 = Release|Any CPU
		{7DBC6F09-2F8C-4A33-B460-247168330677}.Release|x86.ActiveCfg = Release|Any CPU
		{7DBC6F09-2F8C-4A33-B460-247168330677}.Release|x86.Build.0 = Release|Any CPU
		{54506B3E-82CE-429F-8898-7C1548A94366}.Debug|Any CPU.ActiveCfg = Debug|Any CPU
		{54506B3E-82CE-429F-8898-7C1548A94366}.Debug|Any CPU.Build.0 = Debug|Any CPU
		{54506B3E-82CE-429F-8898-7C1548A94366}.Debug|x64.ActiveCfg = Debug|Any CPU
		{54506B3E-82CE-429F-8898-7C1548A94366}.Debug|x64.Build.0 = Debug|Any CPU
		{54506B3E-82CE-429F-8898-7C1548A94366}.Debug|x86.ActiveCfg = Debug|Any CPU
		{54506B3E-82CE-429F-8898-7C1548A94366}.Debug|x86.Build.0 = Debug|Any CPU
		{54506B3E-82CE-429F-8898-7C1548A94366}.Release|Any CPU.ActiveCfg = Release|Any CPU
		{54506B3E-82CE-429F-8898-7C1548A94366}.Release|Any CPU.Build.0 = Release|Any CPU
		{54506B3E-82CE-429F-8898-7C1548A94366}.Release|x64.ActiveCfg = Release|Any CPU
		{54506B3E-82CE-429F-8898-7C1548A94366}.Release|x64.Build.0 = Release|Any CPU
		{54506B3E-82CE-429F-8898-7C1548A94366}.Release|x86.ActiveCfg = Release|Any CPU
		{54506B3E-82CE-429F-8898-7C1548A94366}.Release|x86.Build.0 = Release|Any CPU
		{2DED4B28-5DAF-435C-90C8-E874849C3BE6}.Debug|Any CPU.ActiveCfg = Debug|Any CPU
		{2DED4B28-5DAF-435C-90C8-E874849C3BE6}.Debug|Any CPU.Build.0 = Debug|Any CPU
		{2DED4B28-5DAF-435C-90C8-E874849C3BE6}.Debug|x64.ActiveCfg = Debug|Any CPU
		{2DED4B28-5DAF-435C-90C8-E874849C3BE6}.Debug|x64.Build.0 = Debug|Any CPU
		{2DED4B28-5DAF-435C-90C8-E874849C3BE6}.Debug|x86.ActiveCfg = Debug|Any CPU
		{2DED4B28-5DAF-435C-90C8-E874849C3BE6}.Debug|x86.Build.0 = Debug|Any CPU
		{2DED4B28-5DAF-435C-90C8-E874849C3BE6}.Release|Any CPU.ActiveCfg = Release|Any CPU
		{2DED4B28-5DAF-435C-90C8-E874849C3BE6}.Release|Any CPU.Build.0 = Release|Any CPU
		{2DED4B28-5DAF-435C-90C8-E874849C3BE6}.Release|x64.ActiveCfg = Release|Any CPU
		{2DED4B28-5DAF-435C-90C8-E874849C3BE6}.Release|x64.Build.0 = Release|Any CPU
		{2DED4B28-5DAF-435C-90C8-E874849C3BE6}.Release|x86.ActiveCfg = Release|Any CPU
		{2DED4B28-5DAF-435C-90C8-E874849C3BE6}.Release|x86.Build.0 = Release|Any CPU
		{4FBDC50F-B934-417F-9C62-DE1403F3A4C0}.Debug|Any CPU.ActiveCfg = Debug|Any CPU
		{4FBDC50F-B934-417F-9C62-DE1403F3A4C0}.Debug|Any CPU.Build.0 = Debug|Any CPU
		{4FBDC50F-B934-417F-9C62-DE1403F3A4C0}.Debug|x64.ActiveCfg = Debug|Any CPU
		{4FBDC50F-B934-417F-9C62-DE1403F3A4C0}.Debug|x64.Build.0 = Debug|Any CPU
		{4FBDC50F-B934-417F-9C62-DE1403F3A4C0}.Debug|x86.ActiveCfg = Debug|Any CPU
		{4FBDC50F-B934-417F-9C62-DE1403F3A4C0}.Debug|x86.Build.0 = Debug|Any CPU
		{4FBDC50F-B934-417F-9C62-DE1403F3A4C0}.Release|Any CPU.ActiveCfg = Release|Any CPU
		{4FBDC50F-B934-417F-9C62-DE1403F3A4C0}.Release|Any CPU.Build.0 = Release|Any CPU
		{4FBDC50F-B934-417F-9C62-DE1403F3A4C0}.Release|x64.ActiveCfg = Release|Any CPU
		{4FBDC50F-B934-417F-9C62-DE1403F3A4C0}.Release|x64.Build.0 = Release|Any CPU
		{4FBDC50F-B934-417F-9C62-DE1403F3A4C0}.Release|x86.ActiveCfg = Release|Any CPU
		{4FBDC50F-B934-417F-9C62-DE1403F3A4C0}.Release|x86.Build.0 = Release|Any CPU
		{8603F4FD-2D57-474F-9354-EE63EF8CEC70}.Debug|Any CPU.ActiveCfg = Debug|Any CPU
		{8603F4FD-2D57-474F-9354-EE63EF8CEC70}.Debug|Any CPU.Build.0 = Debug|Any CPU
		{8603F4FD-2D57-474F-9354-EE63EF8CEC70}.Debug|x64.ActiveCfg = Debug|Any CPU
		{8603F4FD-2D57-474F-9354-EE63EF8CEC70}.Debug|x64.Build.0 = Debug|Any CPU
		{8603F4FD-2D57-474F-9354-EE63EF8CEC70}.Debug|x86.ActiveCfg = Debug|Any CPU
		{8603F4FD-2D57-474F-9354-EE63EF8CEC70}.Debug|x86.Build.0 = Debug|Any CPU
		{8603F4FD-2D57-474F-9354-EE63EF8CEC70}.Release|Any CPU.ActiveCfg = Release|Any CPU
		{8603F4FD-2D57-474F-9354-EE63EF8CEC70}.Release|Any CPU.Build.0 = Release|Any CPU
		{8603F4FD-2D57-474F-9354-EE63EF8CEC70}.Release|x64.ActiveCfg = Release|Any CPU
		{8603F4FD-2D57-474F-9354-EE63EF8CEC70}.Release|x64.Build.0 = Release|Any CPU
		{8603F4FD-2D57-474F-9354-EE63EF8CEC70}.Release|x86.ActiveCfg = Release|Any CPU
		{8603F4FD-2D57-474F-9354-EE63EF8CEC70}.Release|x86.Build.0 = Release|Any CPU
	EndGlobalSection
	GlobalSection(SolutionProperties) = preSolution
		HideSolutionNode = FALSE
	EndGlobalSection
	GlobalSection(NestedProjects) = preSolution
		{984BB9B3-3FA3-BE33-9484-CAC21695A33C} = {827E0CD3-B72D-47B6-A68D-7590B98EB39B}
		{C91C1CF1-1625-0789-F869-53D87D6277BA} = {984BB9B3-3FA3-BE33-9484-CAC21695A33C}
		{5F26BC8B-9902-45EF-BFE1-265987146C40} = {C91C1CF1-1625-0789-F869-53D87D6277BA}
		{90298CBA-BD6F-3A0A-69D5-97CAD7B05E7E} = {827E0CD3-B72D-47B6-A68D-7590B98EB39B}
		{9B9638E4-B34D-49FA-9956-3E0C64016416} = {90298CBA-BD6F-3A0A-69D5-97CAD7B05E7E}
		{6C0557C3-B1C9-A54D-46F8-F4FBBDE30E30} = {984BB9B3-3FA3-BE33-9484-CAC21695A33C}
		{AB1CBF55-ED31-4E04-95EA-04DAFE9B6102} = {6C0557C3-B1C9-A54D-46F8-F4FBBDE30E30}
		{EEA4A782-341D-6440-FC22-D64D0B11E3C8} = {984BB9B3-3FA3-BE33-9484-CAC21695A33C}
		{1B8430BA-0C85-4480-9FFD-7B70817EC8E9} = {EEA4A782-341D-6440-FC22-D64D0B11E3C8}
		{D3BAB01C-7F3F-8576-96BE-8BE70C9B9915} = {984BB9B3-3FA3-BE33-9484-CAC21695A33C}
		{61435B42-438E-4023-924F-C4E590E0C0BD} = {D3BAB01C-7F3F-8576-96BE-8BE70C9B9915}
		{7DBC6F09-2F8C-4A33-B460-247168330677} = {D3BAB01C-7F3F-8576-96BE-8BE70C9B9915}
		{54506B3E-82CE-429F-8898-7C1548A94366} = {D3BAB01C-7F3F-8576-96BE-8BE70C9B9915}
		{2DED4B28-5DAF-435C-90C8-E874849C3BE6} = {D3BAB01C-7F3F-8576-96BE-8BE70C9B9915}
		{4FBDC50F-B934-417F-9C62-DE1403F3A4C0} = {90298CBA-BD6F-3A0A-69D5-97CAD7B05E7E}
		{4924443D-CFD8-4CEF-8D22-AAB4FEE30A2F} = {827E0CD3-B72D-47B6-A68D-7590B98EB39B}
		{8603F4FD-2D57-474F-9354-EE63EF8CEC70} = {4924443D-CFD8-4CEF-8D22-AAB4FEE30A2F}
	EndGlobalSection
EndGlobal
