
Microsoft Visual Studio Solution File, Format Version 12.00
# Visual Studio Version 17
VisualStudioVersion = 17.0.31903.59
MinimumVisualStudioVersion = 10.0.40219.1
Project("{2150E333-8FDC-42A3-9474-1A3956D46DE8}") = "src", "src", "{827E0CD3-B72D-47B6-A68D-7590B98EB39B}"
EndProject
Project("{2150E333-8FDC-42A3-9474-1A3956D46DE8}") = "Services", "Services", "{984BB9B3-3FA3-BE33-9484-CAC21695A33C}"
EndProject
Project("{2150E333-8FDC-42A3-9474-1A3956D46DE8}") = "Catalog", "Catalog", "{C91C1CF1-1625-0789-F869-53D87D6277BA}"
EndProject
Project("{FAE04EC0-301F-11D3-BF4B-00C04F79EFBC}") = "Catalog.API", "src\Services\Catalog\Catalog.API\Catalog.API.csproj", "{5F26BC8B-9902-45EF-BFE1-265987146C40}"
EndProject
Project("{2150E333-8FDC-42A3-9474-1A3956D46DE8}") = "BuildingBlocks", "BuildingBlocks", "{90298CBA-BD6F-3A0A-69D5-97CAD7B05E7E}"
EndProject
Project("{FAE04EC0-301F-11D3-BF4B-00C04F79EFBC}") = "BuildingBlocks", "src\BuildingBlocks\BuildingBlocks\BuildingBlocks.csproj", "{9B9638E4-B34D-49FA-9956-3E0C64016416}"
EndProject
Project("{2150E333-8FDC-42A3-9474-1A3956D46DE8}") = "Basket", "Basket", "{6C0557C3-B1C9-A54D-46F8-F4FBBDE30E30}"
EndProject
Project("{FAE04EC0-301F-11D3-BF4B-00C04F79EFBC}") = "Basket.API", "src\Services\Basket\Basket.API\Basket.API.csproj", "{AB1CBF55-ED31-4E04-95EA-04DAFE9B6102}"
EndProject
Global
	GlobalSection(SolutionConfigurationPlatforms) = preSolution
		Debug|Any CPU = Debug|Any CPU
		Debug|x64 = Debug|x64
		Debug|x86 = Debug|x86
		Release|Any CPU = Release|Any CPU
		Release|x64 = Release|x64
		Release|x86 = Release|x86
	EndGlobalSection
	GlobalSection(ProjectConfigurationPlatforms) = postSolution
		{5F26BC8B-9902-45EF-BFE1-265987146C40}.Debug|Any CPU.ActiveCfg = Debug|Any CPU
		{5F26BC8B-9902-45EF-BFE1-265987146C40}.Debug|Any CPU.Build.0 = Debug|Any CPU
		{5F26BC8B-9902-45EF-BFE1-265987146C40}.Debug|x64.ActiveCfg = Debug|Any CPU
		{5F26BC8B-9902-45EF-BFE1-265987146C40}.Debug|x64.Build.0 = Debug|Any CPU
		{5F26BC8B-9902-45EF-BFE1-265987146C40}.Debug|x86.ActiveCfg = Debug|Any CPU
		{5F26BC8B-9902-45EF-BFE1-265987146C40}.Debug|x86.Build.0 = Debug|Any CPU
		{5F26BC8B-9902-45EF-BFE1-265987146C40}.Release|Any CPU.ActiveCfg = Release|Any CPU
		{5F26BC8B-9902-45EF-BFE1-265987146C40}.Release|Any CPU.Build.0 = Release|Any CPU
		{5F26BC8B-9902-45EF-BFE1-265987146C40}.Release|x64.ActiveCfg = Release|Any CPU
		{5F26BC8B-9902-45EF-BFE1-265987146C40}.Release|x64.Build.0 = Release|Any CPU
		{5F26BC8B-9902-45EF-BFE1-265987146C40}.Release|x86.ActiveCfg = Release|Any CPU
		{5F26BC8B-9902-45EF-BFE1-265987146C40}.Release|x86.Build.0 = Release|Any CPU
		{9B9638E4-B34D-49FA-9956-3E0C64016416}.Debug|Any CPU.ActiveCfg = Debug|Any CPU
		{9B9638E4-B34D-49FA-9956-3E0C64016416}.Debug|Any CPU.Build.0 = Debug|Any CPU
		{9B9638E4-B34D-49FA-9956-3E0C64016416}.Debug|x64.ActiveCfg = Debug|Any CPU
		{9B9638E4-B34D-49FA-9956-3E0C64016416}.Debug|x64.Build.0 = Debug|Any CPU
		{9B9638E4-B34D-49FA-9956-3E0C64016416}.Debug|x86.ActiveCfg = Debug|Any CPU
		{9B9638E4-B34D-49FA-9956-3E0C64016416}.Debug|x86.Build.0 = Debug|Any CPU
		{9B9638E4-B34D-49FA-9956-3E0C64016416}.Release|Any CPU.ActiveCfg = Release|Any CPU
		{9B9638E4-B34D-49FA-9956-3E0C64016416}.Release|Any CPU.Build.0 = Release|Any CPU
		{9B9638E4-B34D-49FA-9956-3E0C64016416}.Release|x64.ActiveCfg = Release|Any CPU
		{9B9638E4-B34D-49FA-9956-3E0C64016416}.Release|x64.Build.0 = Release|Any CPU
		{9B9638E4-B34D-49FA-9956-3E0C64016416}.Release|x86.ActiveCfg = Release|Any CPU
		{9B9638E4-B34D-49FA-9956-3E0C64016416}.Release|x86.Build.0 = Release|Any CPU
		{AB1CBF55-ED31-4E04-95EA-04DAFE9B6102}.Debug|Any CPU.ActiveCfg = Debug|Any CPU
		{AB1CBF55-ED31-4E04-95EA-04DAFE9B6102}.Debug|Any CPU.Build.0 = Debug|Any CPU
		{AB1CBF55-ED31-4E04-95EA-04DAFE9B6102}.Debug|x64.ActiveCfg = Debug|Any CPU
		{AB1CBF55-ED31-4E04-95EA-04DAFE9B6102}.Debug|x64.Build.0 = Debug|Any CPU
		{AB1CBF55-ED31-4E04-95EA-04DAFE9B6102}.Debug|x86.ActiveCfg = Debug|Any CPU
		{AB1CBF55-ED31-4E04-95EA-04DAFE9B6102}.Debug|x86.Build.0 = Debug|Any CPU
		{AB1CBF55-ED31-4E04-95EA-04DAFE9B6102}.Release|Any CPU.ActiveCfg = Release|Any CPU
		{AB1CBF55-ED31-4E04-95EA-04DAFE9B6102}.Release|Any CPU.Build.0 = Release|Any CPU
		{AB1CBF55-ED31-4E04-95EA-04DAFE9B6102}.Release|x64.ActiveCfg = Release|Any CPU
		{AB1CBF55-ED31-4E04-95EA-04DAFE9B6102}.Release|x64.Build.0 = Release|Any CPU
		{AB1CBF55-ED31-4E04-95EA-04DAFE9B6102}.Release|x86.ActiveCfg = Release|Any CPU
		{AB1CBF55-ED31-4E04-95EA-04DAFE9B6102}.Release|x86.Build.0 = Release|Any CPU
	EndGlobalSection
	GlobalSection(SolutionProperties) = preSolution
		HideSolutionNode = FALSE
	EndGlobalSection
	GlobalSection(NestedProjects) = preSolution
		{984BB9B3-3FA3-BE33-9484-CAC21695A33C} = {827E0CD3-B72D-47B6-A68D-7590B98EB39B}
		{C91C1CF1-1625-0789-F869-53D87D6277BA} = {984BB9B3-3FA3-BE33-9484-CAC21695A33C}
		{5F26BC8B-9902-45EF-BFE1-265987146C40} = {C91C1CF1-1625-0789-F869-53D87D6277BA}
		{90298CBA-BD6F-3A0A-69D5-97CAD7B05E7E} = {827E0CD3-B72D-47B6-A68D-7590B98EB39B}
		{9B9638E4-B34D-49FA-9956-3E0C64016416} = {90298CBA-BD6F-3A0A-69D5-97CAD7B05E7E}
		{6C0557C3-B1C9-A54D-46F8-F4FBBDE30E30} = {984BB9B3-3FA3-BE33-9484-CAC21695A33C}
		{AB1CBF55-ED31-4E04-95EA-04DAFE9B6102} = {6C0557C3-B1C9-A54D-46F8-F4FBBDE30E30}
	EndGlobalSection
EndGlobal
